
Microsoft Visual Studio Solution File, Format Version 12.00
# Visual Studio Version 17
VisualStudioVersion = 17.8.34330.188
MinimumVisualStudioVersion = 10.0.40219.1
Project("{FAE04EC0-301F-11D3-BF4B-00C04F79EFBC}") = "14.SimpleCalculatorWithUserOperators", "14.SimpleCalculatorWithUserOperators.csproj", "{07409D32-4099-4C28-9C4D-4758239BADB9}"
EndProject
Global
	GlobalSection(SolutionConfigurationPlatforms) = preSolution
		Debug|Any CPU = Debug|Any CPU
		Release|Any CPU = Release|Any CPU
	EndGlobalSection
	GlobalSection(ProjectConfigurationPlatforms) = postSolution
		{07409D32-4099-4C28-9C4D-4758239BADB9}.Debug|Any CPU.ActiveCfg = Debug|Any CPU
		{07409D32-4099-4C28-9C4D-4758239BADB9}.Debug|Any CPU.Build.0 = Debug|Any CPU
		{07409D32-4099-4C28-9C4D-4758239BADB9}.Release|Any CPU.ActiveCfg = Release|Any CPU
		{07409D32-4099-4C28-9C4D-4758239BADB9}.Release|Any CPU.Build.0 = Release|Any CPU
	EndGlobalSection
	GlobalSection(SolutionProperties) = preSolution
		HideSolutionNode = FALSE
	EndGlobalSection
	GlobalSection(ExtensibilityGlobals) = postSolution
		SolutionGuid = {78862738-C26B-4219-8657-F8D49BFABE30}
	EndGlobalSection
EndGlobal
