
Microsoft Visual Studio Solution File, Format Version 12.00
# Visual Studio Version 17
VisualStudioVersion = 17.8.34330.188
MinimumVisualStudioVersion = 10.0.40219.1
Project("{FAE04EC0-301F-11D3-BF4B-00C04F79EFBC}") = "17. The_FOR_LOOP", "17. The_FOR_LOOP.csproj", "{0EB9BFCA-C5A0-467A-88B3-1E1493ABAC2E}"
EndProject
Global
	GlobalSection(SolutionConfigurationPlatforms) = preSolution
		Debug|Any CPU = Debug|Any CPU
		Release|Any CPU = Release|Any CPU
	EndGlobalSection
	GlobalSection(ProjectConfigurationPlatforms) = postSolution
		{0EB9BFCA-C5A0-467A-88B3-1E1493ABAC2E}.Debug|Any CPU.ActiveCfg = Debug|Any CPU
		{0EB9BFCA-C5A0-467A-88B3-1E1493ABAC2E}.Debug|Any CPU.Build.0 = Debug|Any CPU
		{0EB9BFCA-C5A0-467A-88B3-1E1493ABAC2E}.Release|Any CPU.ActiveCfg = Release|Any CPU
		{0EB9BFCA-C5A0-467A-88B3-1E1493ABAC2E}.Release|Any CPU.Build.0 = Release|Any CPU
	EndGlobalSection
	GlobalSection(SolutionProperties) = preSolution
		HideSolutionNode = FALSE
	EndGlobalSection
	GlobalSection(ExtensibilityGlobals) = postSolution
		SolutionGuid = {BF730DDD-F761-4F1D-B3C2-B7641AF41453}
	EndGlobalSection
EndGlobal
