
Microsoft Visual Studio Solution File, Format Version 12.00
# Visual Studio Version 17
VisualStudioVersion = 17.8.34330.188
MinimumVisualStudioVersion = 10.0.40219.1
Project("{FAE04EC0-301F-11D3-BF4B-00C04F79EFBC}") = "3. Variables", "3. Variables.csproj", "{D6FDEBE6-721A-41FB-9C8D-EEF27D71ED7D}"
EndProject
Global
	GlobalSection(SolutionConfigurationPlatforms) = preSolution
		Debug|Any CPU = Debug|Any CPU
		Release|Any CPU = Release|Any CPU
	EndGlobalSection
	GlobalSection(ProjectConfigurationPlatforms) = postSolution
		{D6FDEBE6-721A-41FB-9C8D-EEF27D71ED7D}.Debug|Any CPU.ActiveCfg = Debug|Any CPU
		{D6FDEBE6-721A-41FB-9C8D-EEF27D71ED7D}.Debug|Any CPU.Build.0 = Debug|Any CPU
		{D6FDEBE6-721A-41FB-9C8D-EEF27D71ED7D}.Release|Any CPU.ActiveCfg = Release|Any CPU
		{D6FDEBE6-721A-41FB-9C8D-EEF27D71ED7D}.Release|Any CPU.Build.0 = Release|Any CPU
	EndGlobalSection
	GlobalSection(SolutionProperties) = preSolution
		HideSolutionNode = FALSE
	EndGlobalSection
	GlobalSection(ExtensibilityGlobals) = postSolution
		SolutionGuid = {FD8C28D8-1114-43DC-A2D9-CBC3B8EB26ED}
	EndGlobalSection
EndGlobal
