
Microsoft Visual Studio Solution File, Format Version 12.00
# Visual Studio Version 17
VisualStudioVersion = 17.8.34330.188
MinimumVisualStudioVersion = 10.0.40219.1
Project("{FAE04EC0-301F-11D3-BF4B-00C04F79EFBC}") = "16.While_Loop", "16.While_Loop.csproj", "{C486F8F4-DF3C-4DD1-AFBF-DEC221F255EA}"
EndProject
Global
	GlobalSection(SolutionConfigurationPlatforms) = preSolution
		Debug|Any CPU = Debug|Any CPU
		Release|Any CPU = Release|Any CPU
	EndGlobalSection
	GlobalSection(ProjectConfigurationPlatforms) = postSolution
		{C486F8F4-DF3C-4DD1-AFBF-DEC221F255EA}.Debug|Any CPU.ActiveCfg = Debug|Any CPU
		{C486F8F4-DF3C-4DD1-AFBF-DEC221F255EA}.Debug|Any CPU.Build.0 = Debug|Any CPU
		{C486F8F4-DF3C-4DD1-AFBF-DEC221F255EA}.Release|Any CPU.ActiveCfg = Release|Any CPU
		{C486F8F4-DF3C-4DD1-AFBF-DEC221F255EA}.Release|Any CPU.Build.0 = Release|Any CPU
	EndGlobalSection
	GlobalSection(SolutionProperties) = preSolution
		HideSolutionNode = FALSE
	EndGlobalSection
	GlobalSection(ExtensibilityGlobals) = postSolution
		SolutionGuid = {523A9099-9DBC-4682-A4AD-C1CA7A6F47C4}
	EndGlobalSection
EndGlobal
